
Microsoft Visual Studio Solution File, Format Version 12.00
# Visual Studio Version 16
VisualStudioVersion = 16.0.29409.12
MinimumVisualStudioVersion = 10.0.40219.1
Project("{FAE04EC0-301F-11D3-BF4B-00C04F79EFBC}") = "BIN_OCT_DEC_HEX", "BIN_OCT_DEC_HEX\BIN_OCT_DEC_HEX.csproj", "{1BC91D28-BAEE-4DD9-95DE-B7CCB4736EF3}"
EndProject
Global
	GlobalSection(SolutionConfigurationPlatforms) = preSolution
		Debug|Any CPU = Debug|Any CPU
		Release|Any CPU = Release|Any CPU
	EndGlobalSection
	GlobalSection(ProjectConfigurationPlatforms) = postSolution
		{1BC91D28-BAEE-4DD9-95DE-B7CCB4736EF3}.Debug|Any CPU.ActiveCfg = Debug|Any CPU
		{1BC91D28-BAEE-4DD9-95DE-B7CCB4736EF3}.Debug|Any CPU.Build.0 = Debug|Any CPU
		{1BC91D28-BAEE-4DD9-95DE-B7CCB4736EF3}.Release|Any CPU.ActiveCfg = Release|Any CPU
		{1BC91D28-BAEE-4DD9-95DE-B7CCB4736EF3}.Release|Any CPU.Build.0 = Release|Any CPU
	EndGlobalSection
	GlobalSection(SolutionProperties) = preSolution
		HideSolutionNode = FALSE
	EndGlobalSection
	GlobalSection(ExtensibilityGlobals) = postSolution
		SolutionGuid = {E1BC7F3B-FB4E-466E-BFBB-7AF7A8894E8A}
	EndGlobalSection
EndGlobal
